
Microsoft Visual Studio Solution File, Format Version 11.00
# Visual Studio 2010
Project("{F184B08F-C81C-45F6-A57F-5ABD9991F28F}") = "CrowdBoardsApp", "CrowdBoardsApp\CrowdBoardsApp.vbproj", "{0CDDC3D5-BE7A-4846-88AC-F950BFE35486}"
EndProject
Project("{FAE04EC0-301F-11D3-BF4B-00C04F79EFBC}") = "LinkedInLibrary", "LinkedInLibrary\LinkedInLibrary.csproj", "{2811EB52-C212-4FDE-BC79-DEECF267E82B}"
EndProject
Project("{FAE04EC0-301F-11D3-BF4B-00C04F79EFBC}") = "TwitterLibrary", "TwitterLibrary\TwitterLibrary.csproj", "{3EE0CCF0-C3DC-4045-AE96-26C7B0CB7B54}"
EndProject
Project("{FAE04EC0-301F-11D3-BF4B-00C04F79EFBC}") = "YahooLibrary", "YahooLibrary\YahooLibrary.csproj", "{E419A649-086A-4777-9670-9DB594E742FE}"
EndProject
Project("{FAE04EC0-301F-11D3-BF4B-00C04F79EFBC}") = "WePaySDK", "..\..\Desktop_Content\VASEEM SIR\oct2013\WePayASPNet-master\WePayASPNet-master\WePaySDK\WePaySDK.csproj", "{88459858-7BD4-495A-95BC-4C29CB352A85}"
EndProject
Project("{FAE04EC0-301F-11D3-BF4B-00C04F79EFBC}") = "Stripe", "Stripe\Stripe.csproj", "{E48E9AC1-3A88-406B-82FF-166B1E3C7A48}"
EndProject
Project("{2150E333-8FDC-42A3-9474-1A3956D46DE8}") = ".nuget", ".nuget", "{E8A77F66-74E2-4438-A1B7-7B7C97D5B8A0}"
	ProjectSection(SolutionItems) = preProject
		.nuget\NuGet.Config = .nuget\NuGet.Config
		.nuget\NuGet.exe = .nuget\NuGet.exe
		.nuget\NuGet.targets = .nuget\NuGet.targets
	EndProjectSection
EndProject
Project("{2150E333-8FDC-42A3-9474-1A3956D46DE8}") = "NewFolder1", "NewFolder1", "{2BD09369-188D-44A6-BDA5-B2D02D8A50D9}"
EndProject
Global
	GlobalSection(SolutionConfigurationPlatforms) = preSolution
		Debug|Any CPU = Debug|Any CPU
		Release|Any CPU = Release|Any CPU
	EndGlobalSection
	GlobalSection(ProjectConfigurationPlatforms) = postSolution
		{0CDDC3D5-BE7A-4846-88AC-F950BFE35486}.Debug|Any CPU.ActiveCfg = Debug|Any CPU
		{0CDDC3D5-BE7A-4846-88AC-F950BFE35486}.Debug|Any CPU.Build.0 = Debug|Any CPU
		{0CDDC3D5-BE7A-4846-88AC-F950BFE35486}.Release|Any CPU.ActiveCfg = Release|Any CPU
		{0CDDC3D5-BE7A-4846-88AC-F950BFE35486}.Release|Any CPU.Build.0 = Release|Any CPU
		{2811EB52-C212-4FDE-BC79-DEECF267E82B}.Debug|Any CPU.ActiveCfg = Debug|Any CPU
		{2811EB52-C212-4FDE-BC79-DEECF267E82B}.Debug|Any CPU.Build.0 = Debug|Any CPU
		{2811EB52-C212-4FDE-BC79-DEECF267E82B}.Release|Any CPU.ActiveCfg = Release|Any CPU
		{2811EB52-C212-4FDE-BC79-DEECF267E82B}.Release|Any CPU.Build.0 = Release|Any CPU
		{3EE0CCF0-C3DC-4045-AE96-26C7B0CB7B54}.Debug|Any CPU.ActiveCfg = Debug|Any CPU
		{3EE0CCF0-C3DC-4045-AE96-26C7B0CB7B54}.Debug|Any CPU.Build.0 = Debug|Any CPU
		{3EE0CCF0-C3DC-4045-AE96-26C7B0CB7B54}.Release|Any CPU.ActiveCfg = Release|Any CPU
		{3EE0CCF0-C3DC-4045-AE96-26C7B0CB7B54}.Release|Any CPU.Build.0 = Release|Any CPU
		{E419A649-086A-4777-9670-9DB594E742FE}.Debug|Any CPU.ActiveCfg = Debug|Any CPU
		{E419A649-086A-4777-9670-9DB594E742FE}.Debug|Any CPU.Build.0 = Debug|Any CPU
		{E419A649-086A-4777-9670-9DB594E742FE}.Release|Any CPU.ActiveCfg = Release|Any CPU
		{E419A649-086A-4777-9670-9DB594E742FE}.Release|Any CPU.Build.0 = Release|Any CPU
		{88459858-7BD4-495A-95BC-4C29CB352A85}.Debug|Any CPU.ActiveCfg = Debug|Any CPU
		{88459858-7BD4-495A-95BC-4C29CB352A85}.Debug|Any CPU.Build.0 = Debug|Any CPU
		{88459858-7BD4-495A-95BC-4C29CB352A85}.Release|Any CPU.ActiveCfg = Release|Any CPU
		{88459858-7BD4-495A-95BC-4C29CB352A85}.Release|Any CPU.Build.0 = Release|Any CPU
		{E48E9AC1-3A88-406B-82FF-166B1E3C7A48}.Debug|Any CPU.ActiveCfg = Debug|Any CPU
		{E48E9AC1-3A88-406B-82FF-166B1E3C7A48}.Debug|Any CPU.Build.0 = Debug|Any CPU
		{E48E9AC1-3A88-406B-82FF-166B1E3C7A48}.Release|Any CPU.ActiveCfg = Release|Any CPU
		{E48E9AC1-3A88-406B-82FF-166B1E3C7A48}.Release|Any CPU.Build.0 = Release|Any CPU
	EndGlobalSection
	GlobalSection(SolutionProperties) = preSolution
		HideSolutionNode = FALSE
	EndGlobalSection
EndGlobal
